// !$*UTF8*$!
{
	archiveVersion = 1;
	classes = {
	};
	objectVersion = 50;
	objects = {

/* Begin PBXBuildFile section */
		783C61780E362239DBD4B159 /* Pods_TesztDownload.framework in Frameworks */ = {isa = PBXBuildFile; fileRef = 255B5E9ED078638683E3ED97 /* Pods_TesztDownload.framework */; };
		D505FC6F2145266B001D7F91 /* NetworkService.swift in Sources */ = {isa = PBXBuildFile; fileRef = D505FC6E2145266B001D7F91 /* NetworkService.swift */; };
		D505FC762145456A001D7F91 /* Main.swift in Sources */ = {isa = PBXBuildFile; fileRef = D505FC752145456A001D7F91 /* Main.swift */; };
		D58C318621444ED0005311B0 /* AppDelegate.swift in Sources */ = {isa = PBXBuildFile; fileRef = D58C318521444ED0005311B0 /* AppDelegate.swift */; };
		D58C318821444ED0005311B0 /* ViewController.swift in Sources */ = {isa = PBXBuildFile; fileRef = D58C318721444ED0005311B0 /* ViewController.swift */; };
		D58C318B21444ED0005311B0 /* Main.storyboard in Resources */ = {isa = PBXBuildFile; fileRef = D58C318921444ED0005311B0 /* Main.storyboard */; };
		D58C318E21444ED0005311B0 /* TesztDownload.xcdatamodeld in Sources */ = {isa = PBXBuildFile; fileRef = D58C318C21444ED0005311B0 /* TesztDownload.xcdatamodeld */; };
		D58C319021444ED1005311B0 /* Assets.xcassets in Resources */ = {isa = PBXBuildFile; fileRef = D58C318F21444ED1005311B0 /* Assets.xcassets */; };
		D58C319321444ED1005311B0 /* LaunchScreen.storyboard in Resources */ = {isa = PBXBuildFile; fileRef = D58C319121444ED1005311B0 /* LaunchScreen.storyboard */; };
/* End PBXBuildFile section */

/* Begin PBXFileReference section */
		255B5E9ED078638683E3ED97 /* Pods_TesztDownload.framework */ = {isa = PBXFileReference; explicitFileType = wrapper.framework; includeInIndex = 0; path = Pods_TesztDownload.framework; sourceTree = BUILT_PRODUCTS_DIR; };
		2D747E0119E73AF31EECB311 /* Pods-TesztDownload.release.xcconfig */ = {isa = PBXFileReference; includeInIndex = 1; lastKnownFileType = text.xcconfig; name = "Pods-TesztDownload.release.xcconfig"; path = "Pods/Target Support Files/Pods-TesztDownload/Pods-TesztDownload.release.xcconfig"; sourceTree = "<group>"; };
		D505FC6E2145266B001D7F91 /* NetworkService.swift */ = {isa = PBXFileReference; lastKnownFileType = sourcecode.swift; path = NetworkService.swift; sourceTree = "<group>"; };
		D505FC7021453B78001D7F91 /* TesztDownload.entitlements */ = {isa = PBXFileReference; lastKnownFileType = text.plist.entitlements; path = TesztDownload.entitlements; sourceTree = "<group>"; };
		D505FC752145456A001D7F91 /* Main.swift */ = {isa = PBXFileReference; lastKnownFileType = sourcecode.swift; path = Main.swift; sourceTree = "<group>"; };
		D58C318221444ED0005311B0 /* TesztDownload.app */ = {isa = PBXFileReference; explicitFileType = wrapper.application; includeInIndex = 0; path = TesztDownload.app; sourceTree = BUILT_PRODUCTS_DIR; };
		D58C318521444ED0005311B0 /* AppDelegate.swift */ = {isa = PBXFileReference; lastKnownFileType = sourcecode.swift; path = AppDelegate.swift; sourceTree = "<group>"; };
		D58C318721444ED0005311B0 /* ViewController.swift */ = {isa = PBXFileReference; lastKnownFileType = sourcecode.swift; path = ViewController.swift; sourceTree = "<group>"; };
		D58C318A21444ED0005311B0 /* Base */ = {isa = PBXFileReference; lastKnownFileType = file.storyboard; name = Base; path = Base.lproj/Main.storyboard; sourceTree = "<group>"; };
		D58C318D21444ED0005311B0 /* TesztDownload.xcdatamodel */ = {isa = PBXFileReference; lastKnownFileType = wrapper.xcdatamodel; path = TesztDownload.xcdatamodel; sourceTree = "<group>"; };
		D58C318F21444ED1005311B0 /* Assets.xcassets */ = {isa = PBXFileReference; lastKnownFileType = folder.assetcatalog; path = Assets.xcassets; sourceTree = "<group>"; };
		D58C319221444ED1005311B0 /* Base */ = {isa = PBXFileReference; lastKnownFileType = file.storyboard; name = Base; path = Base.lproj/LaunchScreen.storyboard; sourceTree = "<group>"; };
		D58C319421444ED1005311B0 /* Info.plist */ = {isa = PBXFileReference; lastKnownFileType = text.plist.xml; path = Info.plist; sourceTree = "<group>"; };
		E7541AF1D9B25ECBFF5E885E /* Pods-TesztDownload.debug.xcconfig */ = {isa = PBXFileReference; includeInIndex = 1; lastKnownFileType = text.xcconfig; name = "Pods-TesztDownload.debug.xcconfig"; path = "Pods/Target Support Files/Pods-TesztDownload/Pods-TesztDownload.debug.xcconfig"; sourceTree = "<group>"; };
/* End PBXFileReference section */

/* Begin PBXFrameworksBuildPhase section */
		D58C317F21444ED0005311B0 /* Frameworks */ = {
			isa = PBXFrameworksBuildPhase;
			buildActionMask = 2147483647;
			files = (
				783C61780E362239DBD4B159 /* Pods_TesztDownload.framework in Frameworks */,
			);
			runOnlyForDeploymentPostprocessing = 0;
		};
/* End PBXFrameworksBuildPhase section */

/* Begin PBXGroup section */
		3EC1BDD6547F27B7C3DF9366 /* Pods */ = {
			isa = PBXGroup;
			children = (
				E7541AF1D9B25ECBFF5E885E /* Pods-TesztDownload.debug.xcconfig */,
				2D747E0119E73AF31EECB311 /* Pods-TesztDownload.release.xcconfig */,
			);
			name = Pods;
			sourceTree = "<group>";
		};
		D58C317921444ED0005311B0 = {
			isa = PBXGroup;
			children = (
				D58C318421444ED0005311B0 /* TesztDownload */,
				D58C318321444ED0005311B0 /* Products */,
				3EC1BDD6547F27B7C3DF9366 /* Pods */,
				E548863850ECCF58DFEF8D8D /* Frameworks */,
			);
			sourceTree = "<group>";
		};
		D58C318321444ED0005311B0 /* Products */ = {
			isa = PBXGroup;
			children = (
				D58C318221444ED0005311B0 /* TesztDownload.app */,
			);
			name = Products;
			sourceTree = "<group>";
		};
		D58C318421444ED0005311B0 /* TesztDownload */ = {
			isa = PBXGroup;
			children = (
				D505FC7021453B78001D7F91 /* TesztDownload.entitlements */,
				D58C318521444ED0005311B0 /* AppDelegate.swift */,
				D58C318721444ED0005311B0 /* ViewController.swift */,
				D505FC6E2145266B001D7F91 /* NetworkService.swift */,
				D58C318921444ED0005311B0 /* Main.storyboard */,
				D505FC752145456A001D7F91 /* Main.swift */,
				D58C318F21444ED1005311B0 /* Assets.xcassets */,
				D58C319121444ED1005311B0 /* LaunchScreen.storyboard */,
				D58C319421444ED1005311B0 /* Info.plist */,
				D58C318C21444ED0005311B0 /* TesztDownload.xcdatamodeld */,
			);
			path = TesztDownload;
			sourceTree = "<group>";
		};
		E548863850ECCF58DFEF8D8D /* Frameworks */ = {
			isa = PBXGroup;
			children = (
				255B5E9ED078638683E3ED97 /* Pods_TesztDownload.framework */,
			);
			name = Frameworks;
			sourceTree = "<group>";
		};
/* End PBXGroup section */

/* Begin PBXNativeTarget section */
		D58C318121444ED0005311B0 /* TesztDownload */ = {
			isa = PBXNativeTarget;
			buildConfigurationList = D58C319721444ED1005311B0 /* Build configuration list for PBXNativeTarget "TesztDownload" */;
			buildPhases = (
				0901AD8BFA3998629A2D6B52 /* [CP] Check Pods Manifest.lock */,
				D58C317E21444ED0005311B0 /* Sources */,
				D58C317F21444ED0005311B0 /* Frameworks */,
				D58C318021444ED0005311B0 /* Resources */,
				066C2EF2AAF8FC245C62AE5D /* [CP] Embed Pods Frameworks */,
			);
			buildRules = (
			);
			dependencies = (
			);
			name = TesztDownload;
			productName = TesztDownload;
			productReference = D58C318221444ED0005311B0 /* TesztDownload.app */;
			productType = "com.apple.product-type.application";
		};
/* End PBXNativeTarget section */

/* Begin PBXProject section */
		D58C317A21444ED0005311B0 /* Project object */ = {
			isa = PBXProject;
			attributes = {
				LastSwiftUpdateCheck = 0940;
				LastUpgradeCheck = 0940;
				ORGANIZATIONNAME = "András Esek";
				TargetAttributes = {
					D58C318121444ED0005311B0 = {
						CreatedOnToolsVersion = 9.4.1;
						SystemCapabilities = {
							com.apple.NetworkExtensions.iOS = {
								enabled = 0;
							};
						};
					};
				};
			};
			buildConfigurationList = D58C317D21444ED0005311B0 /* Build configuration list for PBXProject "TesztDownload" */;
			compatibilityVersion = "Xcode 9.3";
			developmentRegion = en;
			hasScannedForEncodings = 0;
			knownRegions = (
				en,
				Base,
			);
			mainGroup = D58C317921444ED0005311B0;
			productRefGroup = D58C318321444ED0005311B0 /* Products */;
			projectDirPath = "";
			projectRoot = "";
			targets = (
				D58C318121444ED0005311B0 /* TesztDownload */,
			);
		};
/* End PBXProject section */

/* Begin PBXResourcesBuildPhase section */
		D58C318021444ED0005311B0 /* Resources */ = {
			isa = PBXResourcesBuildPhase;
			buildActionMask = 2147483647;
			files = (
				D58C319321444ED1005311B0 /* LaunchScreen.storyboard in Resources */,
				D58C319021444ED1005311B0 /* Assets.xcassets in Resources */,
				D58C318B21444ED0005311B0 /* Main.storyboard in Resources */,
			);
			runOnlyForDeploymentPostprocessing = 0;
		};
/* End PBXResourcesBuildPhase section */

/* Begin PBXShellScriptBuildPhase section */
		066C2EF2AAF8FC245C62AE5D /* [CP] Embed Pods Frameworks */ = {
			isa = PBXShellScriptBuildPhase;
			buildActionMask = 2147483647;
			files = (
			);
			inputPaths = (
				"${SRCROOT}/Pods/Target Support Files/Pods-TesztDownload/Pods-TesztDownload-frameworks.sh",
				"${BUILT_PRODUCTS_DIR}/Alamofire/Alamofire.framework",
				"${BUILT_PRODUCTS_DIR}/Zip/Zip.framework",
			);
			name = "[CP] Embed Pods Frameworks";
			outputPaths = (
				"${TARGET_BUILD_DIR}/${FRAMEWORKS_FOLDER_PATH}/Alamofire.framework",
				"${TARGET_BUILD_DIR}/${FRAMEWORKS_FOLDER_PATH}/Zip.framework",
			);
			runOnlyForDeploymentPostprocessing = 0;
			shellPath = /bin/sh;
			shellScript = "\"${SRCROOT}/Pods/Target Support Files/Pods-TesztDownload/Pods-TesztDownload-frameworks.sh\"\n";
			showEnvVarsInLog = 0;
		};
		0901AD8BFA3998629A2D6B52 /* [CP] Check Pods Manifest.lock */ = {
			isa = PBXShellScriptBuildPhase;
			buildActionMask = 2147483647;
			files = (
			);
			inputPaths = (
				"${PODS_PODFILE_DIR_PATH}/Podfile.lock",
				"${PODS_ROOT}/Manifest.lock",
			);
			name = "[CP] Check Pods Manifest.lock";
			outputPaths = (
				"$(DERIVED_FILE_DIR)/Pods-TesztDownload-checkManifestLockResult.txt",
			);
			runOnlyForDeploymentPostprocessing = 0;
			shellPath = /bin/sh;
			shellScript = "diff \"${PODS_PODFILE_DIR_PATH}/Podfile.lock\" \"${PODS_ROOT}/Manifest.lock\" > /dev/null\nif [ $? != 0 ] ; then\n    # print error to STDERR\n    echo \"error: The sandbox is not in sync with the Podfile.lock. Run 'pod install' or update your CocoaPods installation.\" >&2\n    exit 1\nfi\n# This output is used by Xcode 'outputs' to avoid re-running this script phase.\necho \"SUCCESS\" > \"${SCRIPT_OUTPUT_FILE_0}\"\n";
			showEnvVarsInLog = 0;
		};
/* End PBXShellScriptBuildPhase section */

/* Begin PBXSourcesBuildPhase section */
		D58C317E21444ED0005311B0 /* Sources */ = {
			isa = PBXSourcesBuildPhase;
			buildActionMask = 2147483647;
			files = (
				D505FC762145456A001D7F91 /* Main.swift in Sources */,
				D58C318821444ED0005311B0 /* ViewController.swift in Sources */,
				D58C318621444ED0005311B0 /* AppDelegate.swift in Sources */,
				D505FC6F2145266B001D7F91 /* NetworkService.swift in Sources */,
				D58C318E21444ED0005311B0 /* TesztDownload.xcdatamodeld in Sources */,
			);
			runOnlyForDeploymentPostprocessing = 0;
		};
/* End PBXSourcesBuildPhase section */

/* Begin PBXVariantGroup section */
		D58C318921444ED0005311B0 /* Main.storyboard */ = {
			isa = PBXVariantGroup;
			children = (
				D58C318A21444ED0005311B0 /* Base */,
			);
			name = Main.storyboard;
			sourceTree = "<group>";
		};
		D58C319121444ED1005311B0 /* LaunchScreen.storyboard */ = {
			isa = PBXVariantGroup;
			children = (
				D58C319221444ED1005311B0 /* Base */,
			);
			name = LaunchScreen.storyboard;
			sourceTree = "<group>";
		};
/* End PBXVariantGroup section */

/* Begin XCBuildConfiguration section */
		D58C319521444ED1005311B0 /* Debug */ = {
			isa = XCBuildConfiguration;
			buildSettings = {
				ALWAYS_SEARCH_USER_PATHS = NO;
				CLANG_ANALYZER_NONNULL = YES;
				CLANG_ANALYZER_NUMBER_OBJECT_CONVERSION = YES_AGGRESSIVE;
				CLANG_CXX_LANGUAGE_STANDARD = "gnu++14";
				CLANG_CXX_LIBRARY = "libc++";
				CLANG_ENABLE_MODULES = YES;
				CLANG_ENABLE_OBJC_ARC = YES;
				CLANG_ENABLE_OBJC_WEAK = YES;
				CLANG_WARN_BLOCK_CAPTURE_AUTORELEASING = YES;
				CLANG_WARN_BOOL_CONVERSION = YES;
				CLANG_WARN_COMMA = YES;
				CLANG_WARN_CONSTANT_CONVERSION = YES;
				CLANG_WARN_DEPRECATED_OBJC_IMPLEMENTATIONS = YES;
				CLANG_WARN_DIRECT_OBJC_ISA_USAGE = YES_ERROR;
				CLANG_WARN_DOCUMENTATION_COMMENTS = YES;
				CLANG_WARN_EMPTY_BODY = YES;
				CLANG_WARN_ENUM_CONVERSION = YES;
				CLANG_WARN_INFINITE_RECURSION = YES;
				CLANG_WARN_INT_CONVERSION = YES;
				CLANG_WARN_NON_LITERAL_NULL_CONVERSION = YES;
				CLANG_WARN_OBJC_IMPLICIT_RETAIN_SELF = YES;
				CLANG_WARN_OBJC_LITERAL_CONVERSION = YES;
				CLANG_WARN_OBJC_ROOT_CLASS = YES_ERROR;
				CLANG_WARN_RANGE_LOOP_ANALYSIS = YES;
				CLANG_WARN_STRICT_PROTOTYPES = YES;
				CLANG_WARN_SUSPICIOUS_MOVE = YES;
				CLANG_WARN_UNGUARDED_AVAILABILITY = YES_AGGRESSIVE;
				CLANG_WARN_UNREACHABLE_CODE = YES;
				CLANG_WARN__DUPLICATE_METHOD_MATCH = YES;
				CODE_SIGN_IDENTITY = "iPhone Developer";
				COPY_PHASE_STRIP = NO;
				DEBUG_INFORMATION_FORMAT = dwarf;
				ENABLE_STRICT_OBJC_MSGSEND = YES;
				ENABLE_TESTABILITY = YES;
				GCC_C_LANGUAGE_STANDARD = gnu11;
				GCC_DYNAMIC_NO_PIC = NO;
				GCC_NO_COMMON_BLOCKS = YES;
				GCC_OPTIMIZATION_LEVEL = 0;
				GCC_PREPROCESSOR_DEFINITIONS = (
					"DEBUG=1",
					"$(inherited)",
				);
				GCC_WARN_64_TO_32_BIT_CONVERSION = YES;
				GCC_WARN_ABOUT_RETURN_TYPE = YES_ERROR;
				GCC_WARN_UNDECLARED_SELECTOR = YES;
				GCC_WARN_UNINITIALIZED_AUTOS = YES_AGGRESSIVE;
				GCC_WARN_UNUSED_FUNCTION = YES;
				GCC_WARN_UNUSED_VARIABLE = YES;
				IPHONEOS_DEPLOYMENT_TARGET = 11.4;
				MTL_ENABLE_DEBUG_INFO = YES;
				ONLY_ACTIVE_ARCH = YES;
				SDKROOT = iphoneos;
				SWIFT_ACTIVE_COMPILATION_CONDITIONS = DEBUG;
				SWIFT_OPTIMIZATION_LEVEL = "-Onone";
			};
			name = Debug;
		};
		D58C319621444ED1005311B0 /* Release */ = {
			isa = XCBuildConfiguration;
			buildSettings = {
				ALWAYS_SEARCH_USER_PATHS = NO;
				CLANG_ANALYZER_NONNULL = YES;
				CLANG_ANALYZER_NUMBER_OBJECT_CONVERSION = YES_AGGRESSIVE;
				CLANG_CXX_LANGUAGE_STANDARD = "gnu++14";
				CLANG_CXX_LIBRARY = "libc++";
				CLANG_ENABLE_MODULES = YES;
				CLANG_ENABLE_OBJC_ARC = YES;
				CLANG_ENABLE_OBJC_WEAK = YES;
				CLANG_WARN_BLOCK_CAPTURE_AUTORELEASING = YES;
				CLANG_WARN_BOOL_CONVERSION = YES;
				CLANG_WARN_COMMA = YES;
				CLANG_WARN_CONSTANT_CONVERSION = YES;
				CLANG_WARN_DEPRECATED_OBJC_IMPLEMENTATIONS = YES;
				CLANG_WARN_DIRECT_OBJC_ISA_USAGE = YES_ERROR;
				CLANG_WARN_DOCUMENTATION_COMMENTS = YES;
				CLANG_WARN_EMPTY_BODY = YES;
				CLANG_WARN_ENUM_CONVERSION = YES;
				CLANG_WARN_INFINITE_RECURSION = YES;
				CLANG_WARN_INT_CONVERSION = YES;
				CLANG_WARN_NON_LITERAL_NULL_CONVERSION = YES;
				CLANG_WARN_OBJC_IMPLICIT_RETAIN_SELF = YES;
				CLANG_WARN_OBJC_LITERAL_CONVERSION = YES;
				CLANG_WARN_OBJC_ROOT_CLASS = YES_ERROR;
				CLANG_WARN_RANGE_LOOP_ANALYSIS = YES;
				CLANG_WARN_STRICT_PROTOTYPES = YES;
				CLANG_WARN_SUSPICIOUS_MOVE = YES;
				CLANG_WARN_UNGUARDED_AVAILABILITY = YES_AGGRESSIVE;
				CLANG_WARN_UNREACHABLE_CODE = YES;
				CLANG_WARN__DUPLICATE_METHOD_MATCH = YES;
				CODE_SIGN_IDENTITY = "iPhone Developer";
				COPY_PHASE_STRIP = NO;
				DEBUG_INFORMATION_FORMAT = "dwarf-with-dsym";
				ENABLE_NS_ASSERTIONS = NO;
				ENABLE_STRICT_OBJC_MSGSEND = YES;
				GCC_C_LANGUAGE_STANDARD = gnu11;
				GCC_NO_COMMON_BLOCKS = YES;
				GCC_WARN_64_TO_32_BIT_CONVERSION = YES;
				GCC_WARN_ABOUT_RETURN_TYPE = YES_ERROR;
				GCC_WARN_UNDECLARED_SELECTOR = YES;
				GCC_WARN_UNINITIALIZED_AUTOS = YES_AGGRESSIVE;
				GCC_WARN_UNUSED_FUNCTION = YES;
				GCC_WARN_UNUSED_VARIABLE = YES;
				IPHONEOS_DEPLOYMENT_TARGET = 11.4;
				MTL_ENABLE_DEBUG_INFO = NO;
				SDKROOT = iphoneos;
				SWIFT_COMPILATION_MODE = wholemodule;
				SWIFT_OPTIMIZATION_LEVEL = "-O";
				VALIDATE_PRODUCT = YES;
			};
			name = Release;
		};
		D58C319821444ED1005311B0 /* Debug */ = {
			isa = XCBuildConfiguration;
			baseConfigurationReference = E7541AF1D9B25ECBFF5E885E /* Pods-TesztDownload.debug.xcconfig */;
			buildSettings = {
				ASSETCATALOG_COMPILER_APPICON_NAME = AppIcon;
				CODE_SIGN_STYLE = Automatic;
				DEVELOPMENT_TEAM = S4XX568NTG;
				INFOPLIST_FILE = TesztDownload/Info.plist;
				LD_RUNPATH_SEARCH_PATHS = (
					"$(inherited)",
					"@executable_path/Frameworks",
				);
				PRODUCT_BUNDLE_IDENTIFIER = com.andrasesek.TesztDownload;
				PRODUCT_NAME = "$(TARGET_NAME)";
				SWIFT_VERSION = 4.0;
				TARGETED_DEVICE_FAMILY = "1,2";
			};
			name = Debug;
		};
		D58C319921444ED1005311B0 /* Release */ = {
			isa = XCBuildConfiguration;
			baseConfigurationReference = 2D747E0119E73AF31EECB311 /* Pods-TesztDownload.release.xcconfig */;
			buildSettings = {
				ASSETCATALOG_COMPILER_APPICON_NAME = AppIcon;
				CODE_SIGN_STYLE = Automatic;
				DEVELOPMENT_TEAM = S4XX568NTG;
				INFOPLIST_FILE = TesztDownload/Info.plist;
				LD_RUNPATH_SEARCH_PATHS = (
					"$(inherited)",
					"@executable_path/Frameworks",
				);
				PRODUCT_BUNDLE_IDENTIFIER = com.andrasesek.TesztDownload;
				PRODUCT_NAME = "$(TARGET_NAME)";
				SWIFT_VERSION = 4.0;
				TARGETED_DEVICE_FAMILY = "1,2";
			};
			name = Release;
		};
/* End XCBuildConfiguration section */

/* Begin XCConfigurationList section */
		D58C317D21444ED0005311B0 /* Build configuration list for PBXProject "TesztDownload" */ = {
			isa = XCConfigurationList;
			buildConfigurations = (
				D58C319521444ED1005311B0 /* Debug */,
				D58C319621444ED1005311B0 /* Release */,
			);
			defaultConfigurationIsVisible = 0;
			defaultConfigurationName = Release;
		};
		D58C319721444ED1005311B0 /* Build configuration list for PBXNativeTarget "TesztDownload" */ = {
			isa = XCConfigurationList;
			buildConfigurations = (
				D58C319821444ED1005311B0 /* Debug */,
				D58C319921444ED1005311B0 /* Release */,
			);
			defaultConfigurationIsVisible = 0;
			defaultConfigurationName = Release;
		};
/* End XCConfigurationList section */

/* Begin XCVersionGroup section */
		D58C318C21444ED0005311B0 /* TesztDownload.xcdatamodeld */ = {
			isa = XCVersionGroup;
			children = (
				D58C318D21444ED0005311B0 /* TesztDownload.xcdatamodel */,
			);
			currentVersion = D58C318D21444ED0005311B0 /* TesztDownload.xcdatamodel */;
			path = TesztDownload.xcdatamodeld;
			sourceTree = "<group>";
			versionGroupType = wrapper.xcdatamodel;
		};
/* End XCVersionGroup section */
	};
	rootObject = D58C317A21444ED0005311B0 /* Project object */;
}
